// !$*UTF8*$!
{
	archiveVersion = 1;
	classes = {
	};
	objectVersion = 46;
	objects = {

/* Begin PBXBuildFile section */
		9A7B6E611E322622006F4A20 /* SwiftyOnce.framework in Frameworks */ = {isa = PBXBuildFile; fileRef = 9A7B6E571E322622006F4A20 /* SwiftyOnce.framework */; };
		9A7B6E661E322622006F4A20 /* SwiftyOnceTests.swift in Sources */ = {isa = PBXBuildFile; fileRef = 9A7B6E651E322622006F4A20 /* SwiftyOnceTests.swift */; };
		9A7B6E681E322622006F4A20 /* SwiftyOnce.h in Headers */ = {isa = PBXBuildFile; fileRef = 9A7B6E5A1E322622006F4A20 /* SwiftyOnce.h */; settings = {ATTRIBUTES = (Public, ); }; };
		9AE4CDC91E35FC50009B0A42 /* SwiftyOnce.podspec in Resources */ = {isa = PBXBuildFile; fileRef = 9AE4CDC81E35FC50009B0A42 /* SwiftyOnce.podspec */; };
		9AE4CDCB1E35FF8C009B0A42 /* DispatchQueue+Once.swift in Sources */ = {isa = PBXBuildFile; fileRef = 9AE4CDCA1E35FF8C009B0A42 /* DispatchQueue+Once.swift */; };
/* End PBXBuildFile section */

/* Begin PBXContainerItemProxy section */
		9A7B6E621E322622006F4A20 /* PBXContainerItemProxy */ = {
			isa = PBXContainerItemProxy;
			containerPortal = 9A7B6E4E1E322622006F4A20 /* Project object */;
			proxyType = 1;
			remoteGlobalIDString = 9A7B6E561E322622006F4A20;
			remoteInfo = SwiftyOnce;
		};
/* End PBXContainerItemProxy section */

/* Begin PBXFileReference section */
		9A7B6E571E322622006F4A20 /* SwiftyOnce.framework */ = {isa = PBXFileReference; explicitFileType = wrapper.framework; includeInIndex = 0; path = SwiftyOnce.framework; sourceTree = BUILT_PRODUCTS_DIR; };
		9A7B6E5A1E322622006F4A20 /* SwiftyOnce.h */ = {isa = PBXFileReference; lastKnownFileType = sourcecode.c.h; path = SwiftyOnce.h; sourceTree = "<group>"; };
		9A7B6E5B1E322622006F4A20 /* Info.plist */ = {isa = PBXFileReference; lastKnownFileType = text.plist.xml; path = Info.plist; sourceTree = "<group>"; };
		9A7B6E601E322622006F4A20 /* SwiftyOnceTests.xctest */ = {isa = PBXFileReference; explicitFileType = wrapper.cfbundle; includeInIndex = 0; path = SwiftyOnceTests.xctest; sourceTree = BUILT_PRODUCTS_DIR; };
		9A7B6E651E322622006F4A20 /* SwiftyOnceTests.swift */ = {isa = PBXFileReference; lastKnownFileType = sourcecode.swift; path = SwiftyOnceTests.swift; sourceTree = "<group>"; };
		9A7B6E671E322622006F4A20 /* Info.plist */ = {isa = PBXFileReference; lastKnownFileType = text.plist.xml; path = Info.plist; sourceTree = "<group>"; };
		9A7B6E711E322655006F4A20 /* SwiftyOnce.playground */ = {isa = PBXFileReference; lastKnownFileType = file.playground; path = SwiftyOnce.playground; sourceTree = "<group>"; };
		9AE4CDC81E35FC50009B0A42 /* SwiftyOnce.podspec */ = {isa = PBXFileReference; fileEncoding = 4; lastKnownFileType = text; path = SwiftyOnce.podspec; sourceTree = "<group>"; };
		9AE4CDCA1E35FF8C009B0A42 /* DispatchQueue+Once.swift */ = {isa = PBXFileReference; fileEncoding = 4; lastKnownFileType = sourcecode.swift; name = "DispatchQueue+Once.swift"; path = "Sources/DispatchQueue+Once.swift"; sourceTree = "<group>"; };
/* End PBXFileReference section */

/* Begin PBXFrameworksBuildPhase section */
		9A7B6E531E322622006F4A20 /* Frameworks */ = {
			isa = PBXFrameworksBuildPhase;
			buildActionMask = 2147483647;
			files = (
			);
			runOnlyForDeploymentPostprocessing = 0;
		};
		9A7B6E5D1E322622006F4A20 /* Frameworks */ = {
			isa = PBXFrameworksBuildPhase;
			buildActionMask = 2147483647;
			files = (
				9A7B6E611E322622006F4A20 /* SwiftyOnce.framework in Frameworks */,
			);
			runOnlyForDeploymentPostprocessing = 0;
		};
/* End PBXFrameworksBuildPhase section */

/* Begin PBXGroup section */
		9A7B6E4D1E322622006F4A20 = {
			isa = PBXGroup;
			children = (
				9AE4CDC81E35FC50009B0A42 /* SwiftyOnce.podspec */,
				9A7B6E711E322655006F4A20 /* SwiftyOnce.playground */,
				9AE4CDCC1E35FF91009B0A42 /* Sources */,
				9A7B6E591E322622006F4A20 /* SwiftyOnce */,
				9A7B6E641E322622006F4A20 /* SwiftyOnceTests */,
				9A7B6E581E322622006F4A20 /* Products */,
			);
			sourceTree = "<group>";
		};
		9A7B6E581E322622006F4A20 /* Products */ = {
			isa = PBXGroup;
			children = (
				9A7B6E571E322622006F4A20 /* SwiftyOnce.framework */,
				9A7B6E601E322622006F4A20 /* SwiftyOnceTests.xctest */,
			);
			name = Products;
			sourceTree = "<group>";
		};
		9A7B6E591E322622006F4A20 /* SwiftyOnce */ = {
			isa = PBXGroup;
			children = (
				9A7B6E5B1E322622006F4A20 /* Info.plist */,
				9A7B6E5A1E322622006F4A20 /* SwiftyOnce.h */,
			);
			path = SwiftyOnce;
			sourceTree = "<group>";
		};
		9A7B6E641E322622006F4A20 /* SwiftyOnceTests */ = {
			isa = PBXGroup;
			children = (
				9A7B6E651E322622006F4A20 /* SwiftyOnceTests.swift */,
				9A7B6E671E322622006F4A20 /* Info.plist */,
			);
			path = SwiftyOnceTests;
			sourceTree = "<group>";
		};
		9AE4CDCC1E35FF91009B0A42 /* Sources */ = {
			isa = PBXGroup;
			children = (
				9AE4CDCA1E35FF8C009B0A42 /* DispatchQueue+Once.swift */,
			);
			name = Sources;
			sourceTree = "<group>";
		};
/* End PBXGroup section */

/* Begin PBXHeadersBuildPhase section */
		9A7B6E541E322622006F4A20 /* Headers */ = {
			isa = PBXHeadersBuildPhase;
			buildActionMask = 2147483647;
			files = (
				9A7B6E681E322622006F4A20 /* SwiftyOnce.h in Headers */,
			);
			runOnlyForDeploymentPostprocessing = 0;
		};
/* End PBXHeadersBuildPhase section */

/* Begin PBXNativeTarget section */
		9A7B6E561E322622006F4A20 /* SwiftyOnce */ = {
			isa = PBXNativeTarget;
			buildConfigurationList = 9A7B6E6B1E322622006F4A20 /* Build configuration list for PBXNativeTarget "SwiftyOnce" */;
			buildPhases = (
				9A7B6E521E322622006F4A20 /* Sources */,
				9A7B6E531E322622006F4A20 /* Frameworks */,
				9A7B6E541E322622006F4A20 /* Headers */,
				9A7B6E551E322622006F4A20 /* Resources */,
			);
			buildRules = (
			);
			dependencies = (
			);
			name = SwiftyOnce;
			productName = SwiftyOnce;
			productReference = 9A7B6E571E322622006F4A20 /* SwiftyOnce.framework */;
			productType = "com.apple.product-type.framework";
		};
		9A7B6E5F1E322622006F4A20 /* SwiftyOnceTests */ = {
			isa = PBXNativeTarget;
			buildConfigurationList = 9A7B6E6E1E322622006F4A20 /* Build configuration list for PBXNativeTarget "SwiftyOnceTests" */;
			buildPhases = (
				9A7B6E5C1E322622006F4A20 /* Sources */,
				9A7B6E5D1E322622006F4A20 /* Frameworks */,
				9A7B6E5E1E322622006F4A20 /* Resources */,
			);
			buildRules = (
			);
			dependencies = (
				9A7B6E631E322622006F4A20 /* PBXTargetDependency */,
			);
			name = SwiftyOnceTests;
			productName = SwiftyOnceTests;
			productReference = 9A7B6E601E322622006F4A20 /* SwiftyOnceTests.xctest */;
			productType = "com.apple.product-type.bundle.unit-test";
		};
/* End PBXNativeTarget section */

/* Begin PBXProject section */
		9A7B6E4E1E322622006F4A20 /* Project object */ = {
			isa = PBXProject;
			attributes = {
				LastSwiftUpdateCheck = 0810;
				LastUpgradeCheck = 0810;
				ORGANIZATIONNAME = ktustanowski;
				TargetAttributes = {
					9A7B6E561E322622006F4A20 = {
						CreatedOnToolsVersion = 8.1;
						LastSwiftMigration = 0810;
						ProvisioningStyle = Automatic;
					};
					9A7B6E5F1E322622006F4A20 = {
						CreatedOnToolsVersion = 8.1;
						ProvisioningStyle = Automatic;
					};
				};
			};
			buildConfigurationList = 9A7B6E511E322622006F4A20 /* Build configuration list for PBXProject "SwiftyOnce" */;
			compatibilityVersion = "Xcode 3.2";
			developmentRegion = English;
			hasScannedForEncodings = 0;
			knownRegions = (
				en,
			);
			mainGroup = 9A7B6E4D1E322622006F4A20;
			productRefGroup = 9A7B6E581E322622006F4A20 /* Products */;
			projectDirPath = "";
			projectRoot = "";
			targets = (
				9A7B6E561E322622006F4A20 /* SwiftyOnce */,
				9A7B6E5F1E322622006F4A20 /* SwiftyOnceTests */,
			);
		};
/* End PBXProject section */

/* Begin PBXResourcesBuildPhase section */
		9A7B6E551E322622006F4A20 /* Resources */ = {
			isa = PBXResourcesBuildPhase;
			buildActionMask = 2147483647;
			files = (
				9AE4CDC91E35FC50009B0A42 /* SwiftyOnce.podspec in Resources */,
			);
			runOnlyForDeploymentPostprocessing = 0;
		};
		9A7B6E5E1E322622006F4A20 /* Resources */ = {
			isa = PBXResourcesBuildPhase;
			buildActionMask = 2147483647;
			files = (
			);
			runOnlyForDeploymentPostprocessing = 0;
		};
/* End PBXResourcesBuildPhase section */

/* Begin PBXSourcesBuildPhase section */
		9A7B6E521E322622006F4A20 /* Sources */ = {
			isa = PBXSourcesBuildPhase;
			buildActionMask = 2147483647;
			files = (
				9AE4CDCB1E35FF8C009B0A42 /* DispatchQueue+Once.swift in Sources */,
			);
			runOnlyForDeploymentPostprocessing = 0;
		};
		9A7B6E5C1E322622006F4A20 /* Sources */ = {
			isa = PBXSourcesBuildPhase;
			buildActionMask = 2147483647;
			files = (
				9A7B6E661E322622006F4A20 /* SwiftyOnceTests.swift in Sources */,
			);
			runOnlyForDeploymentPostprocessing = 0;
		};
/* End PBXSourcesBuildPhase section */

/* Begin PBXTargetDependency section */
		9A7B6E631E322622006F4A20 /* PBXTargetDependency */ = {
			isa = PBXTargetDependency;
			target = 9A7B6E561E322622006F4A20 /* SwiftyOnce */;
			targetProxy = 9A7B6E621E322622006F4A20 /* PBXContainerItemProxy */;
		};
/* End PBXTargetDependency section */

/* Begin XCBuildConfiguration section */
		9A7B6E691E322622006F4A20 /* Debug */ = {
			isa = XCBuildConfiguration;
			buildSettings = {
				ALWAYS_SEARCH_USER_PATHS = NO;
				CLANG_ANALYZER_NONNULL = YES;
				CLANG_CXX_LANGUAGE_STANDARD = "gnu++0x";
				CLANG_CXX_LIBRARY = "libc++";
				CLANG_ENABLE_MODULES = YES;
				CLANG_ENABLE_OBJC_ARC = YES;
				CLANG_WARN_BOOL_CONVERSION = YES;
				CLANG_WARN_CONSTANT_CONVERSION = YES;
				CLANG_WARN_DIRECT_OBJC_ISA_USAGE = YES_ERROR;
				CLANG_WARN_DOCUMENTATION_COMMENTS = YES;
				CLANG_WARN_EMPTY_BODY = YES;
				CLANG_WARN_ENUM_CONVERSION = YES;
				CLANG_WARN_INFINITE_RECURSION = YES;
				CLANG_WARN_INT_CONVERSION = YES;
				CLANG_WARN_OBJC_ROOT_CLASS = YES_ERROR;
				CLANG_WARN_SUSPICIOUS_MOVES = YES;
				CLANG_WARN_UNREACHABLE_CODE = YES;
				CLANG_WARN__DUPLICATE_METHOD_MATCH = YES;
				"CODE_SIGN_IDENTITY[sdk=iphoneos*]" = "iPhone Developer";
				COPY_PHASE_STRIP = NO;
				CURRENT_PROJECT_VERSION = 1;
				DEBUG_INFORMATION_FORMAT = dwarf;
				ENABLE_STRICT_OBJC_MSGSEND = YES;
				ENABLE_TESTABILITY = YES;
				GCC_C_LANGUAGE_STANDARD = gnu99;
				GCC_DYNAMIC_NO_PIC = NO;
				GCC_NO_COMMON_BLOCKS = YES;
				GCC_OPTIMIZATION_LEVEL = 0;
				GCC_PREPROCESSOR_DEFINITIONS = (
					"DEBUG=1",
					"$(inherited)",
				);
				GCC_WARN_64_TO_32_BIT_CONVERSION = YES;
				GCC_WARN_ABOUT_RETURN_TYPE = YES_ERROR;
				GCC_WARN_UNDECLARED_SELECTOR = YES;
				GCC_WARN_UNINITIALIZED_AUTOS = YES_AGGRESSIVE;
				GCC_WARN_UNUSED_FUNCTION = YES;
				GCC_WARN_UNUSED_VARIABLE = YES;
				IPHONEOS_DEPLOYMENT_TARGET = 10.1;
				MTL_ENABLE_DEBUG_INFO = YES;
				ONLY_ACTIVE_ARCH = YES;
				SDKROOT = iphoneos;
				SWIFT_ACTIVE_COMPILATION_CONDITIONS = DEBUG;
				SWIFT_OPTIMIZATION_LEVEL = "-Onone";
				TARGETED_DEVICE_FAMILY = "1,2";
				VERSIONING_SYSTEM = "apple-generic";
				VERSION_INFO_PREFIX = "";
			};
			name = Debug;
		};
		9A7B6E6A1E322622006F4A20 /* Release */ = {
			isa = XCBuildConfiguration;
			buildSettings = {
				ALWAYS_SEARCH_USER_PATHS = NO;
				CLANG_ANALYZER_NONNULL = YES;
				CLANG_CXX_LANGUAGE_STANDARD = "gnu++0x";
				CLANG_CXX_LIBRARY = "libc++";
				CLANG_ENABLE_MODULES = YES;
				CLANG_ENABLE_OBJC_ARC = YES;
				CLANG_WARN_BOOL_CONVERSION = YES;
				CLANG_WARN_CONSTANT_CONVERSION = YES;
				CLANG_WARN_DIRECT_OBJC_ISA_USAGE = YES_ERROR;
				CLANG_WARN_DOCUMENTATION_COMMENTS = YES;
				CLANG_WARN_EMPTY_BODY = YES;
				CLANG_WARN_ENUM_CONVERSION = YES;
				CLANG_WARN_INFINITE_RECURSION = YES;
				CLANG_WARN_INT_CONVERSION = YES;
				CLANG_WARN_OBJC_ROOT_CLASS = YES_ERROR;
				CLANG_WARN_SUSPICIOUS_MOVES = YES;
				CLANG_WARN_UNREACHABLE_CODE = YES;
				CLANG_WARN__DUPLICATE_METHOD_MATCH = YES;
				"CODE_SIGN_IDENTITY[sdk=iphoneos*]" = "iPhone Developer";
				COPY_PHASE_STRIP = NO;
				CURRENT_PROJECT_VERSION = 1;
				DEBUG_INFORMATION_FORMAT = "dwarf-with-dsym";
				ENABLE_NS_ASSERTIONS = NO;
				ENABLE_STRICT_OBJC_MSGSEND = YES;
				GCC_C_LANGUAGE_STANDARD = gnu99;
				GCC_NO_COMMON_BLOCKS = YES;
				GCC_WARN_64_TO_32_BIT_CONVERSION = YES;
				GCC_WARN_ABOUT_RETURN_TYPE = YES_ERROR;
				GCC_WARN_UNDECLARED_SELECTOR = YES;
				GCC_WARN_UNINITIALIZED_AUTOS = YES_AGGRESSIVE;
				GCC_WARN_UNUSED_FUNCTION = YES;
				GCC_WARN_UNUSED_VARIABLE = YES;
				IPHONEOS_DEPLOYMENT_TARGET = 10.1;
				MTL_ENABLE_DEBUG_INFO = NO;
				SDKROOT = iphoneos;
				SWIFT_OPTIMIZATION_LEVEL = "-Owholemodule";
				TARGETED_DEVICE_FAMILY = "1,2";
				VALIDATE_PRODUCT = YES;
				VERSIONING_SYSTEM = "apple-generic";
				VERSION_INFO_PREFIX = "";
			};
			name = Release;
		};
		9A7B6E6C1E322622006F4A20 /* Debug */ = {
			isa = XCBuildConfiguration;
			buildSettings = {
				CLANG_ENABLE_MODULES = YES;
				CODE_SIGN_IDENTITY = "";
				DEFINES_MODULE = YES;
				DYLIB_COMPATIBILITY_VERSION = 1;
				DYLIB_CURRENT_VERSION = 1;
				DYLIB_INSTALL_NAME_BASE = "@rpath";
				INFOPLIST_FILE = SwiftyOnce/Info.plist;
				INSTALL_PATH = "$(LOCAL_LIBRARY_DIR)/Frameworks";
				LD_RUNPATH_SEARCH_PATHS = "$(inherited) @executable_path/Frameworks @loader_path/Frameworks";
				PRODUCT_BUNDLE_IDENTIFIER = com.ktustanowski.SwiftyOnce;
				PRODUCT_NAME = "$(TARGET_NAME)";
				SKIP_INSTALL = YES;
				SWIFT_OPTIMIZATION_LEVEL = "-Onone";
				SWIFT_VERSION = 3.0;
			};
			name = Debug;
		};
		9A7B6E6D1E322622006F4A20 /* Release */ = {
			isa = XCBuildConfiguration;
			buildSettings = {
				CLANG_ENABLE_MODULES = YES;
				CODE_SIGN_IDENTITY = "";
				DEFINES_MODULE = YES;
				DYLIB_COMPATIBILITY_VERSION = 1;
				DYLIB_CURRENT_VERSION = 1;
				DYLIB_INSTALL_NAME_BASE = "@rpath";
				INFOPLIST_FILE = SwiftyOnce/Info.plist;
				INSTALL_PATH = "$(LOCAL_LIBRARY_DIR)/Frameworks";
				LD_RUNPATH_SEARCH_PATHS = "$(inherited) @executable_path/Frameworks @loader_path/Frameworks";
				PRODUCT_BUNDLE_IDENTIFIER = com.ktustanowski.SwiftyOnce;
				PRODUCT_NAME = "$(TARGET_NAME)";
				SKIP_INSTALL = YES;
				SWIFT_VERSION = 3.0;
			};
			name = Release;
		};
		9A7B6E6F1E322622006F4A20 /* Debug */ = {
			isa = XCBuildConfiguration;
			buildSettings = {
				ALWAYS_EMBED_SWIFT_STANDARD_LIBRARIES = YES;
				INFOPLIST_FILE = SwiftyOnceTests/Info.plist;
				LD_RUNPATH_SEARCH_PATHS = "$(inherited) @executable_path/Frameworks @loader_path/Frameworks";
				PRODUCT_BUNDLE_IDENTIFIER = com.ktustanowski.SwiftyOnceTests;
				PRODUCT_NAME = "$(TARGET_NAME)";
				SWIFT_VERSION = 3.0;
			};
			name = Debug;
		};
		9A7B6E701E322622006F4A20 /* Release */ = {
			isa = XCBuildConfiguration;
			buildSettings = {
				ALWAYS_EMBED_SWIFT_STANDARD_LIBRARIES = YES;
				INFOPLIST_FILE = SwiftyOnceTests/Info.plist;
				LD_RUNPATH_SEARCH_PATHS = "$(inherited) @executable_path/Frameworks @loader_path/Frameworks";
				PRODUCT_BUNDLE_IDENTIFIER = com.ktustanowski.SwiftyOnceTests;
				PRODUCT_NAME = "$(TARGET_NAME)";
				SWIFT_VERSION = 3.0;
			};
			name = Release;
		};
/* End XCBuildConfiguration section */

/* Begin XCConfigurationList section */
		9A7B6E511E322622006F4A20 /* Build configuration list for PBXProject "SwiftyOnce" */ = {
			isa = XCConfigurationList;
			buildConfigurations = (
				9A7B6E691E322622006F4A20 /* Debug */,
				9A7B6E6A1E322622006F4A20 /* Release */,
			);
			defaultConfigurationIsVisible = 0;
			defaultConfigurationName = Release;
		};
		9A7B6E6B1E322622006F4A20 /* Build configuration list for PBXNativeTarget "SwiftyOnce" */ = {
			isa = XCConfigurationList;
			buildConfigurations = (
				9A7B6E6C1E322622006F4A20 /* Debug */,
				9A7B6E6D1E322622006F4A20 /* Release */,
			);
			defaultConfigurationIsVisible = 0;
			defaultConfigurationName = Release;
		};
		9A7B6E6E1E322622006F4A20 /* Build configuration list for PBXNativeTarget "SwiftyOnceTests" */ = {
			isa = XCConfigurationList;
			buildConfigurations = (
				9A7B6E6F1E322622006F4A20 /* Debug */,
				9A7B6E701E322622006F4A20 /* Release */,
			);
			defaultConfigurationIsVisible = 0;
			defaultConfigurationName = Release;
		};
/* End XCConfigurationList section */
	};
	rootObject = 9A7B6E4E1E322622006F4A20 /* Project object */;
}
